
Microsoft Visual Studio Solution File, Format Version 9.00
# Visual Studio 2005
Project("{8BC9CEB8-8B4A-11D0-8D11-00A0C91BC942}") = "libGenome", "..\..\libGenome\projects\libGenome.vcproj", "{5B7186E6-EBD1-40CD-9B95-9974937EB5C3}"
EndProject
Project("{8BC9CEB8-8B4A-11D0-8D11-00A0C91BC942}") = "libMems", "..\..\libMems\projects\libMems.vcproj", "{20FE3C39-9B04-4D5F-8249-115D8812B93E}"
	ProjectSection(ProjectDependencies) = postProject
		{4E952785-0A53-4057-8CB9-03754EB3BFA3} = {4E952785-0A53-4057-8CB9-03754EB3BFA3}
		{5B7186E6-EBD1-40CD-9B95-9974937EB5C3} = {5B7186E6-EBD1-40CD-9B95-9974937EB5C3}
	EndProjectSection
EndProject
Project("{8BC9CEB8-8B4A-11D0-8D11-00A0C91BC942}") = "calculateBackboneCoverage", "calculateBackboneCoverage.vcproj", "{9D8FC73F-B098-4023-88A4-27E525C5ABE5}"
	ProjectSection(ProjectDependencies) = postProject
		{20FE3C39-9B04-4D5F-8249-115D8812B93E} = {20FE3C39-9B04-4D5F-8249-115D8812B93E}
	EndProjectSection
EndProject
Project("{8BC9CEB8-8B4A-11D0-8D11-00A0C91BC942}") = "extractBackbone", "extractBackbone.vcproj", "{395FCD04-5E5D-4DBF-8140-EAC3B977B170}"
	ProjectSection(ProjectDependencies) = postProject
		{20FE3C39-9B04-4D5F-8249-115D8812B93E} = {20FE3C39-9B04-4D5F-8249-115D8812B93E}
	EndProjectSection
EndProject
Project("{8BC9CEB8-8B4A-11D0-8D11-00A0C91BC942}") = "mauveAligner", "mauveAligner.vcproj", "{B77CE678-647C-49E9-BF01-410755A8B8C6}"
	ProjectSection(ProjectDependencies) = postProject
		{20FE3C39-9B04-4D5F-8249-115D8812B93E} = {20FE3C39-9B04-4D5F-8249-115D8812B93E}
		{4E952785-0A53-4057-8CB9-03754EB3BFA3} = {4E952785-0A53-4057-8CB9-03754EB3BFA3}
		{5B7186E6-EBD1-40CD-9B95-9974937EB5C3} = {5B7186E6-EBD1-40CD-9B95-9974937EB5C3}
	EndProjectSection
EndProject
Project("{8BC9CEB8-8B4A-11D0-8D11-00A0C91BC942}") = "scoreAlignment", "scoreAlignment.vcproj", "{35F9D029-230C-4C08-8066-FB26391C3E1F}"
	ProjectSection(ProjectDependencies) = postProject
		{20FE3C39-9B04-4D5F-8249-115D8812B93E} = {20FE3C39-9B04-4D5F-8249-115D8812B93E}
	EndProjectSection
EndProject
Project("{8BC9CEB8-8B4A-11D0-8D11-00A0C91BC942}") = "scoreALU", "scoreALU.vcproj", "{08AC96AB-73FB-4981-AF4A-9B0EF9BC5AAC}"
	ProjectSection(ProjectDependencies) = postProject
		{20FE3C39-9B04-4D5F-8249-115D8812B93E} = {20FE3C39-9B04-4D5F-8249-115D8812B93E}
	EndProjectSection
EndProject
Project("{8BC9CEB8-8B4A-11D0-8D11-00A0C91BC942}") = "transposeCoordinates", "transposeCoordinates.vcproj", "{69FF3165-CEB3-4265-BCC0-686B6DFE1D6B}"
	ProjectSection(ProjectDependencies) = postProject
		{20FE3C39-9B04-4D5F-8249-115D8812B93E} = {20FE3C39-9B04-4D5F-8249-115D8812B93E}
	EndProjectSection
EndProject
Project("{8BC9CEB8-8B4A-11D0-8D11-00A0C91BC942}") = "uniqueMerCount", "uniqueMerCount.vcproj", "{B5306FB9-BECF-4081-966A-29D7BC02A5AD}"
	ProjectSection(ProjectDependencies) = postProject
		{20FE3C39-9B04-4D5F-8249-115D8812B93E} = {20FE3C39-9B04-4D5F-8249-115D8812B93E}
	EndProjectSection
EndProject
Project("{8BC9CEB8-8B4A-11D0-8D11-00A0C91BC942}") = "sgEvolver", "..\..\sgEvolver\projects\sgEvolver.vcproj", "{5ECE1575-FAE6-4E1B-B3CF-70B8EC3EDFBC}"
	ProjectSection(ProjectDependencies) = postProject
		{20FE3C39-9B04-4D5F-8249-115D8812B93E} = {20FE3C39-9B04-4D5F-8249-115D8812B93E}
	EndProjectSection
EndProject
Project("{8BC9CEB8-8B4A-11D0-8D11-00A0C91BC942}") = "unalign", "unalign.vcproj", "{3EC9E724-26DA-4054-BAC0-6C37481810AC}"
	ProjectSection(ProjectDependencies) = postProject
		{20FE3C39-9B04-4D5F-8249-115D8812B93E} = {20FE3C39-9B04-4D5F-8249-115D8812B93E}
	EndProjectSection
EndProject
Project("{8BC9CEB8-8B4A-11D0-8D11-00A0C91BC942}") = "scoreAlignment2", "..\..\sgEvolver\projects\scoreAlignment2.vcproj", "{21BE93A7-FB80-4DFD-8C4C-4FC77B1DD230}"
	ProjectSection(ProjectDependencies) = postProject
		{20FE3C39-9B04-4D5F-8249-115D8812B93E} = {20FE3C39-9B04-4D5F-8249-115D8812B93E}
	EndProjectSection
EndProject
Project("{8BC9CEB8-8B4A-11D0-8D11-00A0C91BC942}") = "progressiveMauve", "progressiveMauve.vcproj", "{EAD06EA7-1D7B-45CA-BADE-CE065D1B33F7}"
	ProjectSection(ProjectDependencies) = postProject
		{5B7186E6-EBD1-40CD-9B95-9974937EB5C3} = {5B7186E6-EBD1-40CD-9B95-9974937EB5C3}
		{4E952785-0A53-4057-8CB9-03754EB3BFA3} = {4E952785-0A53-4057-8CB9-03754EB3BFA3}
		{20FE3C39-9B04-4D5F-8249-115D8812B93E} = {20FE3C39-9B04-4D5F-8249-115D8812B93E}
	EndProjectSection
EndProject
Project("{8BC9CEB8-8B4A-11D0-8D11-00A0C91BC942}") = "uniquifyTrees", "uniquifyTrees.vcproj", "{75018549-4E8C-4601-BF2A-77DF4DB1C06A}"
	ProjectSection(ProjectDependencies) = postProject
		{20FE3C39-9B04-4D5F-8249-115D8812B93E} = {20FE3C39-9B04-4D5F-8249-115D8812B93E}
	EndProjectSection
EndProject
Project("{8BC9CEB8-8B4A-11D0-8D11-00A0C91BC942}") = "extractSubalignments", "extractSubalignments.vcproj", "{CF9F0A13-C76C-4502-B236-4E468AE450E1}"
	ProjectSection(ProjectDependencies) = postProject
		{20FE3C39-9B04-4D5F-8249-115D8812B93E} = {20FE3C39-9B04-4D5F-8249-115D8812B93E}
	EndProjectSection
EndProject
Project("{8BC9CEB8-8B4A-11D0-8D11-00A0C91BC942}") = "rootTrees", "rootTrees.vcproj", "{A72732A5-B7BE-4831-87EE-C8E54BBEA254}"
	ProjectSection(ProjectDependencies) = postProject
		{20FE3C39-9B04-4D5F-8249-115D8812B93E} = {20FE3C39-9B04-4D5F-8249-115D8812B93E}
	EndProjectSection
EndProject
Project("{8BC9CEB8-8B4A-11D0-8D11-00A0C91BC942}") = "toGrimmFormat", "toGrimmFormat.vcproj", "{2189E7AB-E474-4A14-AA57-0986D920EABC}"
	ProjectSection(ProjectDependencies) = postProject
		{20FE3C39-9B04-4D5F-8249-115D8812B93E} = {20FE3C39-9B04-4D5F-8249-115D8812B93E}
	EndProjectSection
EndProject
Project("{8BC9CEB8-8B4A-11D0-8D11-00A0C91BC942}") = "toEvoHighwayFormat", "toEvoHighwayFormat.vcproj", "{83DCEF43-B319-430E-9B55-22EAE4D2E731}"
	ProjectSection(ProjectDependencies) = postProject
		{20FE3C39-9B04-4D5F-8249-115D8812B93E} = {20FE3C39-9B04-4D5F-8249-115D8812B93E}
	EndProjectSection
EndProject
Project("{8BC9CEB8-8B4A-11D0-8D11-00A0C91BC942}") = "sortContigs", "sortContigs.vcproj", "{D8CC8100-D537-4D4E-B941-F58E8D02D587}"
	ProjectSection(ProjectDependencies) = postProject
		{20FE3C39-9B04-4D5F-8249-115D8812B93E} = {20FE3C39-9B04-4D5F-8249-115D8812B93E}
	EndProjectSection
EndProject
Project("{8BC9CEB8-8B4A-11D0-8D11-00A0C91BC942}") = "checkForLGT", "checkForLGT.vcproj", "{1B13DCD2-39D8-41C6-BC3C-9180D55184DA}"
EndProject
Project("{8BC9CEB8-8B4A-11D0-8D11-00A0C91BC942}") = "calculateBackboneCoverage2", "calculateBackboneCoverage2.vcproj", "{8B778C9B-9079-4096-A4D2-69B1E1733148}"
	ProjectSection(ProjectDependencies) = postProject
		{20FE3C39-9B04-4D5F-8249-115D8812B93E} = {20FE3C39-9B04-4D5F-8249-115D8812B93E}
	EndProjectSection
EndProject
Project("{8BC9CEB8-8B4A-11D0-8D11-00A0C91BC942}") = "extractBCITrees", "extractBCITrees.vcproj", "{25420BBB-2E89-4664-B43B-8240C287B0F0}"
EndProject
Project("{8BC9CEB8-8B4A-11D0-8D11-00A0C91BC942}") = "scoreProcrastAlignment", "scoreProcrastAlignment.vcproj", "{763BD8A0-8693-4D37-A024-0919A1D5885A}"
	ProjectSection(ProjectDependencies) = postProject
		{20FE3C39-9B04-4D5F-8249-115D8812B93E} = {20FE3C39-9B04-4D5F-8249-115D8812B93E}
	EndProjectSection
EndProject
Project("{8BC9CEB8-8B4A-11D0-8D11-00A0C91BC942}") = "bbAnalyze", "bbAnalyze.vcproj", "{E03B45BF-3438-42B5-A4DD-CFA35E784C2B}"
	ProjectSection(ProjectDependencies) = postProject
		{20FE3C39-9B04-4D5F-8249-115D8812B93E} = {20FE3C39-9B04-4D5F-8249-115D8812B93E}
	EndProjectSection
EndProject
Project("{8BC9CEB8-8B4A-11D0-8D11-00A0C91BC942}") = "getOrthologList", "getOrthologList.vcproj", "{B077561F-E888-44AC-A763-0B4245A9E458}"
	ProjectSection(ProjectDependencies) = postProject
		{5B7186E6-EBD1-40CD-9B95-9974937EB5C3} = {5B7186E6-EBD1-40CD-9B95-9974937EB5C3}
		{20FE3C39-9B04-4D5F-8249-115D8812B93E} = {20FE3C39-9B04-4D5F-8249-115D8812B93E}
	EndProjectSection
EndProject
Project("{8BC9CEB8-8B4A-11D0-8D11-00A0C91BC942}") = "stripSubsetLCBs", "stripSubsetLCBs.vcproj", "{66EBAA32-DD8B-4DB8-AFBC-DE33BB9C3E98}"
	ProjectSection(ProjectDependencies) = postProject
		{20FE3C39-9B04-4D5F-8249-115D8812B93E} = {20FE3C39-9B04-4D5F-8249-115D8812B93E}
	EndProjectSection
EndProject
Project("{8BC9CEB8-8B4A-11D0-8D11-00A0C91BC942}") = "libMUSCLE", "..\..\muscle\projects\libMUSCLE.vcproj", "{4E952785-0A53-4057-8CB9-03754EB3BFA3}"
EndProject
Project("{8BC9CEB8-8B4A-11D0-8D11-00A0C91BC942}") = "muscle", "..\..\muscle\projects\muscle.vcproj", "{219A4F0A-B107-4E79-9685-23304542FD84}"
	ProjectSection(ProjectDependencies) = postProject
		{4E952785-0A53-4057-8CB9-03754EB3BFA3} = {4E952785-0A53-4057-8CB9-03754EB3BFA3}
	EndProjectSection
EndProject
Project("{8BC9CEB8-8B4A-11D0-8D11-00A0C91BC942}") = "repeatoire", "..\..\repeatoire\projects\repeatoire.vcproj", "{6BF5871B-2282-40A2-A9A9-588996FB5EF5}"
EndProject
Project("{8BC9CEB8-8B4A-11D0-8D11-00A0C91BC942}") = "xmfa2maf", "xmfa2maf.vcproj", "{B349A8AB-5DB1-4A2E-9C8F-8CBDCA86AF1C}"
	ProjectSection(ProjectDependencies) = postProject
		{20FE3C39-9B04-4D5F-8249-115D8812B93E} = {20FE3C39-9B04-4D5F-8249-115D8812B93E}
		{4E952785-0A53-4057-8CB9-03754EB3BFA3} = {4E952785-0A53-4057-8CB9-03754EB3BFA3}
		{5B7186E6-EBD1-40CD-9B95-9974937EB5C3} = {5B7186E6-EBD1-40CD-9B95-9974937EB5C3}
	EndProjectSection
EndProject
Global
	GlobalSection(SolutionConfigurationPlatforms) = preSolution
		FastDebug OpenMP|Win32 = FastDebug OpenMP|Win32
		FastDebug OpenMP|x64 = FastDebug OpenMP|x64
		FastDebug|Win32 = FastDebug|Win32
		FastDebug|x64 = FastDebug|x64
		Release OpenMP|Win32 = Release OpenMP|Win32
		Release OpenMP|x64 = Release OpenMP|x64
		Release|Win32 = Release|Win32
		Release|x64 = Release|x64
	EndGlobalSection
	GlobalSection(ProjectConfigurationPlatforms) = postSolution
		{5B7186E6-EBD1-40CD-9B95-9974937EB5C3}.FastDebug OpenMP|Win32.ActiveCfg = FastDebug OpenMP|Win32
		{5B7186E6-EBD1-40CD-9B95-9974937EB5C3}.FastDebug OpenMP|Win32.Build.0 = FastDebug OpenMP|Win32
		{5B7186E6-EBD1-40CD-9B95-9974937EB5C3}.FastDebug OpenMP|x64.ActiveCfg = FastDebug OpenMP|x64
		{5B7186E6-EBD1-40CD-9B95-9974937EB5C3}.FastDebug OpenMP|x64.Build.0 = FastDebug OpenMP|x64
		{5B7186E6-EBD1-40CD-9B95-9974937EB5C3}.FastDebug|Win32.ActiveCfg = FastDebug|Win32
		{5B7186E6-EBD1-40CD-9B95-9974937EB5C3}.FastDebug|Win32.Build.0 = FastDebug|Win32
		{5B7186E6-EBD1-40CD-9B95-9974937EB5C3}.FastDebug|x64.ActiveCfg = FastDebug|x64
		{5B7186E6-EBD1-40CD-9B95-9974937EB5C3}.FastDebug|x64.Build.0 = FastDebug|x64
		{5B7186E6-EBD1-40CD-9B95-9974937EB5C3}.Release OpenMP|Win32.ActiveCfg = Release OpenMP|Win32
		{5B7186E6-EBD1-40CD-9B95-9974937EB5C3}.Release OpenMP|Win32.Build.0 = Release OpenMP|Win32
		{5B7186E6-EBD1-40CD-9B95-9974937EB5C3}.Release OpenMP|x64.ActiveCfg = Release OpenMP|x64
		{5B7186E6-EBD1-40CD-9B95-9974937EB5C3}.Release OpenMP|x64.Build.0 = Release OpenMP|x64
		{5B7186E6-EBD1-40CD-9B95-9974937EB5C3}.Release|Win32.ActiveCfg = Release|Win32
		{5B7186E6-EBD1-40CD-9B95-9974937EB5C3}.Release|Win32.Build.0 = Release|Win32
		{5B7186E6-EBD1-40CD-9B95-9974937EB5C3}.Release|x64.ActiveCfg = Release|x64
		{5B7186E6-EBD1-40CD-9B95-9974937EB5C3}.Release|x64.Build.0 = Release|x64
		{20FE3C39-9B04-4D5F-8249-115D8812B93E}.FastDebug OpenMP|Win32.ActiveCfg = FastDebug OpenMP|Win32
		{20FE3C39-9B04-4D5F-8249-115D8812B93E}.FastDebug OpenMP|Win32.Build.0 = FastDebug OpenMP|Win32
		{20FE3C39-9B04-4D5F-8249-115D8812B93E}.FastDebug OpenMP|x64.ActiveCfg = FastDebug OpenMP|x64
		{20FE3C39-9B04-4D5F-8249-115D8812B93E}.FastDebug OpenMP|x64.Build.0 = FastDebug OpenMP|x64
		{20FE3C39-9B04-4D5F-8249-115D8812B93E}.FastDebug|Win32.ActiveCfg = FastDebug|Win32
		{20FE3C39-9B04-4D5F-8249-115D8812B93E}.FastDebug|Win32.Build.0 = FastDebug|Win32
		{20FE3C39-9B04-4D5F-8249-115D8812B93E}.FastDebug|x64.ActiveCfg = FastDebug|x64
		{20FE3C39-9B04-4D5F-8249-115D8812B93E}.FastDebug|x64.Build.0 = FastDebug|x64
		{20FE3C39-9B04-4D5F-8249-115D8812B93E}.Release OpenMP|Win32.ActiveCfg = Release OpenMP|Win32
		{20FE3C39-9B04-4D5F-8249-115D8812B93E}.Release OpenMP|Win32.Build.0 = Release OpenMP|Win32
		{20FE3C39-9B04-4D5F-8249-115D8812B93E}.Release OpenMP|x64.ActiveCfg = Release OpenMP|x64
		{20FE3C39-9B04-4D5F-8249-115D8812B93E}.Release OpenMP|x64.Build.0 = Release OpenMP|x64
		{20FE3C39-9B04-4D5F-8249-115D8812B93E}.Release|Win32.ActiveCfg = Release|Win32
		{20FE3C39-9B04-4D5F-8249-115D8812B93E}.Release|Win32.Build.0 = Release|Win32
		{20FE3C39-9B04-4D5F-8249-115D8812B93E}.Release|x64.ActiveCfg = Release|x64
		{20FE3C39-9B04-4D5F-8249-115D8812B93E}.Release|x64.Build.0 = Release|x64
		{9D8FC73F-B098-4023-88A4-27E525C5ABE5}.FastDebug OpenMP|Win32.ActiveCfg = FastDebug OpenMP|Win32
		{9D8FC73F-B098-4023-88A4-27E525C5ABE5}.FastDebug OpenMP|Win32.Build.0 = FastDebug OpenMP|Win32
		{9D8FC73F-B098-4023-88A4-27E525C5ABE5}.FastDebug OpenMP|x64.ActiveCfg = FastDebug OpenMP|x64
		{9D8FC73F-B098-4023-88A4-27E525C5ABE5}.FastDebug OpenMP|x64.Build.0 = FastDebug OpenMP|x64
		{9D8FC73F-B098-4023-88A4-27E525C5ABE5}.FastDebug|Win32.ActiveCfg = FastDebug|Win32
		{9D8FC73F-B098-4023-88A4-27E525C5ABE5}.FastDebug|Win32.Build.0 = FastDebug|Win32
		{9D8FC73F-B098-4023-88A4-27E525C5ABE5}.FastDebug|x64.ActiveCfg = FastDebug|x64
		{9D8FC73F-B098-4023-88A4-27E525C5ABE5}.FastDebug|x64.Build.0 = FastDebug|x64
		{9D8FC73F-B098-4023-88A4-27E525C5ABE5}.Release OpenMP|Win32.ActiveCfg = Release OpenMP|Win32
		{9D8FC73F-B098-4023-88A4-27E525C5ABE5}.Release OpenMP|Win32.Build.0 = Release OpenMP|Win32
		{9D8FC73F-B098-4023-88A4-27E525C5ABE5}.Release OpenMP|x64.ActiveCfg = Release OpenMP|x64
		{9D8FC73F-B098-4023-88A4-27E525C5ABE5}.Release OpenMP|x64.Build.0 = Release OpenMP|x64
		{9D8FC73F-B098-4023-88A4-27E525C5ABE5}.Release|Win32.ActiveCfg = Release|Win32
		{9D8FC73F-B098-4023-88A4-27E525C5ABE5}.Release|Win32.Build.0 = Release|Win32
		{9D8FC73F-B098-4023-88A4-27E525C5ABE5}.Release|x64.ActiveCfg = Release|x64
		{9D8FC73F-B098-4023-88A4-27E525C5ABE5}.Release|x64.Build.0 = Release|x64
		{395FCD04-5E5D-4DBF-8140-EAC3B977B170}.FastDebug OpenMP|Win32.ActiveCfg = FastDebug OpenMP|Win32
		{395FCD04-5E5D-4DBF-8140-EAC3B977B170}.FastDebug OpenMP|Win32.Build.0 = FastDebug OpenMP|Win32
		{395FCD04-5E5D-4DBF-8140-EAC3B977B170}.FastDebug OpenMP|x64.ActiveCfg = FastDebug OpenMP|x64
		{395FCD04-5E5D-4DBF-8140-EAC3B977B170}.FastDebug OpenMP|x64.Build.0 = FastDebug OpenMP|x64
		{395FCD04-5E5D-4DBF-8140-EAC3B977B170}.FastDebug|Win32.ActiveCfg = FastDebug|Win32
		{395FCD04-5E5D-4DBF-8140-EAC3B977B170}.FastDebug|Win32.Build.0 = FastDebug|Win32
		{395FCD04-5E5D-4DBF-8140-EAC3B977B170}.FastDebug|x64.ActiveCfg = FastDebug|x64
		{395FCD04-5E5D-4DBF-8140-EAC3B977B170}.FastDebug|x64.Build.0 = FastDebug|x64
		{395FCD04-5E5D-4DBF-8140-EAC3B977B170}.Release OpenMP|Win32.ActiveCfg = Release OpenMP|Win32
		{395FCD04-5E5D-4DBF-8140-EAC3B977B170}.Release OpenMP|Win32.Build.0 = Release OpenMP|Win32
		{395FCD04-5E5D-4DBF-8140-EAC3B977B170}.Release OpenMP|x64.ActiveCfg = Release OpenMP|x64
		{395FCD04-5E5D-4DBF-8140-EAC3B977B170}.Release OpenMP|x64.Build.0 = Release OpenMP|x64
		{395FCD04-5E5D-4DBF-8140-EAC3B977B170}.Release|Win32.ActiveCfg = Release|Win32
		{395FCD04-5E5D-4DBF-8140-EAC3B977B170}.Release|Win32.Build.0 = Release|Win32
		{395FCD04-5E5D-4DBF-8140-EAC3B977B170}.Release|x64.ActiveCfg = Release|x64
		{395FCD04-5E5D-4DBF-8140-EAC3B977B170}.Release|x64.Build.0 = Release|x64
		{B77CE678-647C-49E9-BF01-410755A8B8C6}.FastDebug OpenMP|Win32.ActiveCfg = FastDebug OpenMP|Win32
		{B77CE678-647C-49E9-BF01-410755A8B8C6}.FastDebug OpenMP|Win32.Build.0 = FastDebug OpenMP|Win32
		{B77CE678-647C-49E9-BF01-410755A8B8C6}.FastDebug OpenMP|x64.ActiveCfg = FastDebug OpenMP|x64
		{B77CE678-647C-49E9-BF01-410755A8B8C6}.FastDebug OpenMP|x64.Build.0 = FastDebug OpenMP|x64
		{B77CE678-647C-49E9-BF01-410755A8B8C6}.FastDebug|Win32.ActiveCfg = FastDebug|Win32
		{B77CE678-647C-49E9-BF01-410755A8B8C6}.FastDebug|Win32.Build.0 = FastDebug|Win32
		{B77CE678-647C-49E9-BF01-410755A8B8C6}.FastDebug|x64.ActiveCfg = FastDebug|x64
		{B77CE678-647C-49E9-BF01-410755A8B8C6}.FastDebug|x64.Build.0 = FastDebug|x64
		{B77CE678-647C-49E9-BF01-410755A8B8C6}.Release OpenMP|Win32.ActiveCfg = Release OpenMP|Win32
		{B77CE678-647C-49E9-BF01-410755A8B8C6}.Release OpenMP|Win32.Build.0 = Release OpenMP|Win32
		{B77CE678-647C-49E9-BF01-410755A8B8C6}.Release OpenMP|x64.ActiveCfg = Release OpenMP|x64
		{B77CE678-647C-49E9-BF01-410755A8B8C6}.Release OpenMP|x64.Build.0 = Release OpenMP|x64
		{B77CE678-647C-49E9-BF01-410755A8B8C6}.Release|Win32.ActiveCfg = Release|Win32
		{B77CE678-647C-49E9-BF01-410755A8B8C6}.Release|Win32.Build.0 = Release|Win32
		{B77CE678-647C-49E9-BF01-410755A8B8C6}.Release|x64.ActiveCfg = Release|x64
		{B77CE678-647C-49E9-BF01-410755A8B8C6}.Release|x64.Build.0 = Release|x64
		{35F9D029-230C-4C08-8066-FB26391C3E1F}.FastDebug OpenMP|Win32.ActiveCfg = FastDebug OpenMP|Win32
		{35F9D029-230C-4C08-8066-FB26391C3E1F}.FastDebug OpenMP|Win32.Build.0 = FastDebug OpenMP|Win32
		{35F9D029-230C-4C08-8066-FB26391C3E1F}.FastDebug OpenMP|x64.ActiveCfg = FastDebug OpenMP|x64
		{35F9D029-230C-4C08-8066-FB26391C3E1F}.FastDebug OpenMP|x64.Build.0 = FastDebug OpenMP|x64
		{35F9D029-230C-4C08-8066-FB26391C3E1F}.FastDebug|Win32.ActiveCfg = FastDebug|Win32
		{35F9D029-230C-4C08-8066-FB26391C3E1F}.FastDebug|Win32.Build.0 = FastDebug|Win32
		{35F9D029-230C-4C08-8066-FB26391C3E1F}.FastDebug|x64.ActiveCfg = FastDebug|x64
		{35F9D029-230C-4C08-8066-FB26391C3E1F}.FastDebug|x64.Build.0 = FastDebug|x64
		{35F9D029-230C-4C08-8066-FB26391C3E1F}.Release OpenMP|Win32.ActiveCfg = Release OpenMP|Win32
		{35F9D029-230C-4C08-8066-FB26391C3E1F}.Release OpenMP|Win32.Build.0 = Release OpenMP|Win32
		{35F9D029-230C-4C08-8066-FB26391C3E1F}.Release OpenMP|x64.ActiveCfg = Release OpenMP|x64
		{35F9D029-230C-4C08-8066-FB26391C3E1F}.Release OpenMP|x64.Build.0 = Release OpenMP|x64
		{35F9D029-230C-4C08-8066-FB26391C3E1F}.Release|Win32.ActiveCfg = Release|Win32
		{35F9D029-230C-4C08-8066-FB26391C3E1F}.Release|Win32.Build.0 = Release|Win32
		{35F9D029-230C-4C08-8066-FB26391C3E1F}.Release|x64.ActiveCfg = Release|x64
		{35F9D029-230C-4C08-8066-FB26391C3E1F}.Release|x64.Build.0 = Release|x64
		{08AC96AB-73FB-4981-AF4A-9B0EF9BC5AAC}.FastDebug OpenMP|Win32.ActiveCfg = FastDebug OpenMP|Win32
		{08AC96AB-73FB-4981-AF4A-9B0EF9BC5AAC}.FastDebug OpenMP|Win32.Build.0 = FastDebug OpenMP|Win32
		{08AC96AB-73FB-4981-AF4A-9B0EF9BC5AAC}.FastDebug OpenMP|x64.ActiveCfg = FastDebug OpenMP|x64
		{08AC96AB-73FB-4981-AF4A-9B0EF9BC5AAC}.FastDebug OpenMP|x64.Build.0 = FastDebug OpenMP|x64
		{08AC96AB-73FB-4981-AF4A-9B0EF9BC5AAC}.FastDebug|Win32.ActiveCfg = FastDebug|Win32
		{08AC96AB-73FB-4981-AF4A-9B0EF9BC5AAC}.FastDebug|Win32.Build.0 = FastDebug|Win32
		{08AC96AB-73FB-4981-AF4A-9B0EF9BC5AAC}.FastDebug|x64.ActiveCfg = FastDebug|x64
		{08AC96AB-73FB-4981-AF4A-9B0EF9BC5AAC}.FastDebug|x64.Build.0 = FastDebug|x64
		{08AC96AB-73FB-4981-AF4A-9B0EF9BC5AAC}.Release OpenMP|Win32.ActiveCfg = Release OpenMP|Win32
		{08AC96AB-73FB-4981-AF4A-9B0EF9BC5AAC}.Release OpenMP|Win32.Build.0 = Release OpenMP|Win32
		{08AC96AB-73FB-4981-AF4A-9B0EF9BC5AAC}.Release OpenMP|x64.ActiveCfg = Release OpenMP|x64
		{08AC96AB-73FB-4981-AF4A-9B0EF9BC5AAC}.Release OpenMP|x64.Build.0 = Release OpenMP|x64
		{08AC96AB-73FB-4981-AF4A-9B0EF9BC5AAC}.Release|Win32.ActiveCfg = Release|Win32
		{08AC96AB-73FB-4981-AF4A-9B0EF9BC5AAC}.Release|Win32.Build.0 = Release|Win32
		{08AC96AB-73FB-4981-AF4A-9B0EF9BC5AAC}.Release|x64.ActiveCfg = Release|x64
		{08AC96AB-73FB-4981-AF4A-9B0EF9BC5AAC}.Release|x64.Build.0 = Release|x64
		{69FF3165-CEB3-4265-BCC0-686B6DFE1D6B}.FastDebug OpenMP|Win32.ActiveCfg = FastDebug OpenMP|Win32
		{69FF3165-CEB3-4265-BCC0-686B6DFE1D6B}.FastDebug OpenMP|Win32.Build.0 = FastDebug OpenMP|Win32
		{69FF3165-CEB3-4265-BCC0-686B6DFE1D6B}.FastDebug OpenMP|x64.ActiveCfg = FastDebug OpenMP|x64
		{69FF3165-CEB3-4265-BCC0-686B6DFE1D6B}.FastDebug OpenMP|x64.Build.0 = FastDebug OpenMP|x64
		{69FF3165-CEB3-4265-BCC0-686B6DFE1D6B}.FastDebug|Win32.ActiveCfg = FastDebug|Win32
		{69FF3165-CEB3-4265-BCC0-686B6DFE1D6B}.FastDebug|Win32.Build.0 = FastDebug|Win32
		{69FF3165-CEB3-4265-BCC0-686B6DFE1D6B}.FastDebug|x64.ActiveCfg = FastDebug|x64
		{69FF3165-CEB3-4265-BCC0-686B6DFE1D6B}.FastDebug|x64.Build.0 = FastDebug|x64
		{69FF3165-CEB3-4265-BCC0-686B6DFE1D6B}.Release OpenMP|Win32.ActiveCfg = Release OpenMP|Win32
		{69FF3165-CEB3-4265-BCC0-686B6DFE1D6B}.Release OpenMP|Win32.Build.0 = Release OpenMP|Win32
		{69FF3165-CEB3-4265-BCC0-686B6DFE1D6B}.Release OpenMP|x64.ActiveCfg = Release OpenMP|x64
		{69FF3165-CEB3-4265-BCC0-686B6DFE1D6B}.Release OpenMP|x64.Build.0 = Release OpenMP|x64
		{69FF3165-CEB3-4265-BCC0-686B6DFE1D6B}.Release|Win32.ActiveCfg = Release|Win32
		{69FF3165-CEB3-4265-BCC0-686B6DFE1D6B}.Release|Win32.Build.0 = Release|Win32
		{69FF3165-CEB3-4265-BCC0-686B6DFE1D6B}.Release|x64.ActiveCfg = Release|x64
		{69FF3165-CEB3-4265-BCC0-686B6DFE1D6B}.Release|x64.Build.0 = Release|x64
		{B5306FB9-BECF-4081-966A-29D7BC02A5AD}.FastDebug OpenMP|Win32.ActiveCfg = FastDebug OpenMP|Win32
		{B5306FB9-BECF-4081-966A-29D7BC02A5AD}.FastDebug OpenMP|Win32.Build.0 = FastDebug OpenMP|Win32
		{B5306FB9-BECF-4081-966A-29D7BC02A5AD}.FastDebug OpenMP|x64.ActiveCfg = FastDebug OpenMP|x64
		{B5306FB9-BECF-4081-966A-29D7BC02A5AD}.FastDebug OpenMP|x64.Build.0 = FastDebug OpenMP|x64
		{B5306FB9-BECF-4081-966A-29D7BC02A5AD}.FastDebug|Win32.ActiveCfg = FastDebug|Win32
		{B5306FB9-BECF-4081-966A-29D7BC02A5AD}.FastDebug|Win32.Build.0 = FastDebug|Win32
		{B5306FB9-BECF-4081-966A-29D7BC02A5AD}.FastDebug|x64.ActiveCfg = FastDebug|x64
		{B5306FB9-BECF-4081-966A-29D7BC02A5AD}.FastDebug|x64.Build.0 = FastDebug|x64
		{B5306FB9-BECF-4081-966A-29D7BC02A5AD}.Release OpenMP|Win32.ActiveCfg = Release OpenMP|Win32
		{B5306FB9-BECF-4081-966A-29D7BC02A5AD}.Release OpenMP|Win32.Build.0 = Release OpenMP|Win32
		{B5306FB9-BECF-4081-966A-29D7BC02A5AD}.Release OpenMP|x64.ActiveCfg = Release OpenMP|x64
		{B5306FB9-BECF-4081-966A-29D7BC02A5AD}.Release OpenMP|x64.Build.0 = Release OpenMP|x64
		{B5306FB9-BECF-4081-966A-29D7BC02A5AD}.Release|Win32.ActiveCfg = Release|Win32
		{B5306FB9-BECF-4081-966A-29D7BC02A5AD}.Release|Win32.Build.0 = Release|Win32
		{B5306FB9-BECF-4081-966A-29D7BC02A5AD}.Release|x64.ActiveCfg = Release|x64
		{B5306FB9-BECF-4081-966A-29D7BC02A5AD}.Release|x64.Build.0 = Release|x64
		{5ECE1575-FAE6-4E1B-B3CF-70B8EC3EDFBC}.FastDebug OpenMP|Win32.ActiveCfg = FastDebug OpenMP|Win32
		{5ECE1575-FAE6-4E1B-B3CF-70B8EC3EDFBC}.FastDebug OpenMP|Win32.Build.0 = FastDebug OpenMP|Win32
		{5ECE1575-FAE6-4E1B-B3CF-70B8EC3EDFBC}.FastDebug OpenMP|x64.ActiveCfg = FastDebug OpenMP|x64
		{5ECE1575-FAE6-4E1B-B3CF-70B8EC3EDFBC}.FastDebug OpenMP|x64.Build.0 = FastDebug OpenMP|x64
		{5ECE1575-FAE6-4E1B-B3CF-70B8EC3EDFBC}.FastDebug|Win32.ActiveCfg = FastDebug|Win32
		{5ECE1575-FAE6-4E1B-B3CF-70B8EC3EDFBC}.FastDebug|Win32.Build.0 = FastDebug|Win32
		{5ECE1575-FAE6-4E1B-B3CF-70B8EC3EDFBC}.FastDebug|x64.ActiveCfg = FastDebug|x64
		{5ECE1575-FAE6-4E1B-B3CF-70B8EC3EDFBC}.FastDebug|x64.Build.0 = FastDebug|x64
		{5ECE1575-FAE6-4E1B-B3CF-70B8EC3EDFBC}.Release OpenMP|Win32.ActiveCfg = Release OpenMP|Win32
		{5ECE1575-FAE6-4E1B-B3CF-70B8EC3EDFBC}.Release OpenMP|Win32.Build.0 = Release OpenMP|Win32
		{5ECE1575-FAE6-4E1B-B3CF-70B8EC3EDFBC}.Release OpenMP|x64.ActiveCfg = Release OpenMP|x64
		{5ECE1575-FAE6-4E1B-B3CF-70B8EC3EDFBC}.Release OpenMP|x64.Build.0 = Release OpenMP|x64
		{5ECE1575-FAE6-4E1B-B3CF-70B8EC3EDFBC}.Release|Win32.ActiveCfg = Release|Win32
		{5ECE1575-FAE6-4E1B-B3CF-70B8EC3EDFBC}.Release|Win32.Build.0 = Release|Win32
		{5ECE1575-FAE6-4E1B-B3CF-70B8EC3EDFBC}.Release|x64.ActiveCfg = Release|x64
		{5ECE1575-FAE6-4E1B-B3CF-70B8EC3EDFBC}.Release|x64.Build.0 = Release|x64
		{3EC9E724-26DA-4054-BAC0-6C37481810AC}.FastDebug OpenMP|Win32.ActiveCfg = FastDebug OpenMP|Win32
		{3EC9E724-26DA-4054-BAC0-6C37481810AC}.FastDebug OpenMP|Win32.Build.0 = FastDebug OpenMP|Win32
		{3EC9E724-26DA-4054-BAC0-6C37481810AC}.FastDebug OpenMP|x64.ActiveCfg = FastDebug OpenMP|x64
		{3EC9E724-26DA-4054-BAC0-6C37481810AC}.FastDebug OpenMP|x64.Build.0 = FastDebug OpenMP|x64
		{3EC9E724-26DA-4054-BAC0-6C37481810AC}.FastDebug|Win32.ActiveCfg = FastDebug|Win32
		{3EC9E724-26DA-4054-BAC0-6C37481810AC}.FastDebug|Win32.Build.0 = FastDebug|Win32
		{3EC9E724-26DA-4054-BAC0-6C37481810AC}.FastDebug|x64.ActiveCfg = FastDebug|x64
		{3EC9E724-26DA-4054-BAC0-6C37481810AC}.FastDebug|x64.Build.0 = FastDebug|x64
		{3EC9E724-26DA-4054-BAC0-6C37481810AC}.Release OpenMP|Win32.ActiveCfg = Release OpenMP|Win32
		{3EC9E724-26DA-4054-BAC0-6C37481810AC}.Release OpenMP|Win32.Build.0 = Release OpenMP|Win32
		{3EC9E724-26DA-4054-BAC0-6C37481810AC}.Release OpenMP|x64.ActiveCfg = Release OpenMP|x64
		{3EC9E724-26DA-4054-BAC0-6C37481810AC}.Release OpenMP|x64.Build.0 = Release OpenMP|x64
		{3EC9E724-26DA-4054-BAC0-6C37481810AC}.Release|Win32.ActiveCfg = Release|Win32
		{3EC9E724-26DA-4054-BAC0-6C37481810AC}.Release|Win32.Build.0 = Release|Win32
		{3EC9E724-26DA-4054-BAC0-6C37481810AC}.Release|x64.ActiveCfg = Release|x64
		{3EC9E724-26DA-4054-BAC0-6C37481810AC}.Release|x64.Build.0 = Release|x64
		{21BE93A7-FB80-4DFD-8C4C-4FC77B1DD230}.FastDebug OpenMP|Win32.ActiveCfg = FastDebug OpenMP|Win32
		{21BE93A7-FB80-4DFD-8C4C-4FC77B1DD230}.FastDebug OpenMP|Win32.Build.0 = FastDebug OpenMP|Win32
		{21BE93A7-FB80-4DFD-8C4C-4FC77B1DD230}.FastDebug OpenMP|x64.ActiveCfg = FastDebug OpenMP|x64
		{21BE93A7-FB80-4DFD-8C4C-4FC77B1DD230}.FastDebug OpenMP|x64.Build.0 = FastDebug OpenMP|x64
		{21BE93A7-FB80-4DFD-8C4C-4FC77B1DD230}.FastDebug|Win32.ActiveCfg = FastDebug|Win32
		{21BE93A7-FB80-4DFD-8C4C-4FC77B1DD230}.FastDebug|Win32.Build.0 = FastDebug|Win32
		{21BE93A7-FB80-4DFD-8C4C-4FC77B1DD230}.FastDebug|x64.ActiveCfg = FastDebug|x64
		{21BE93A7-FB80-4DFD-8C4C-4FC77B1DD230}.FastDebug|x64.Build.0 = FastDebug|x64
		{21BE93A7-FB80-4DFD-8C4C-4FC77B1DD230}.Release OpenMP|Win32.ActiveCfg = Release OpenMP|Win32
		{21BE93A7-FB80-4DFD-8C4C-4FC77B1DD230}.Release OpenMP|Win32.Build.0 = Release OpenMP|Win32
		{21BE93A7-FB80-4DFD-8C4C-4FC77B1DD230}.Release OpenMP|x64.ActiveCfg = Release OpenMP|x64
		{21BE93A7-FB80-4DFD-8C4C-4FC77B1DD230}.Release OpenMP|x64.Build.0 = Release OpenMP|x64
		{21BE93A7-FB80-4DFD-8C4C-4FC77B1DD230}.Release|Win32.ActiveCfg = Release|Win32
		{21BE93A7-FB80-4DFD-8C4C-4FC77B1DD230}.Release|Win32.Build.0 = Release|Win32
		{21BE93A7-FB80-4DFD-8C4C-4FC77B1DD230}.Release|x64.ActiveCfg = Release|x64
		{21BE93A7-FB80-4DFD-8C4C-4FC77B1DD230}.Release|x64.Build.0 = Release|x64
		{EAD06EA7-1D7B-45CA-BADE-CE065D1B33F7}.FastDebug OpenMP|Win32.ActiveCfg = FastDebug OpenMP|Win32
		{EAD06EA7-1D7B-45CA-BADE-CE065D1B33F7}.FastDebug OpenMP|Win32.Build.0 = FastDebug OpenMP|Win32
		{EAD06EA7-1D7B-45CA-BADE-CE065D1B33F7}.FastDebug OpenMP|x64.ActiveCfg = FastDebug OpenMP|x64
		{EAD06EA7-1D7B-45CA-BADE-CE065D1B33F7}.FastDebug OpenMP|x64.Build.0 = FastDebug OpenMP|x64
		{EAD06EA7-1D7B-45CA-BADE-CE065D1B33F7}.FastDebug|Win32.ActiveCfg = FastDebug|Win32
		{EAD06EA7-1D7B-45CA-BADE-CE065D1B33F7}.FastDebug|Win32.Build.0 = FastDebug|Win32
		{EAD06EA7-1D7B-45CA-BADE-CE065D1B33F7}.FastDebug|x64.ActiveCfg = FastDebug|x64
		{EAD06EA7-1D7B-45CA-BADE-CE065D1B33F7}.FastDebug|x64.Build.0 = FastDebug|x64
		{EAD06EA7-1D7B-45CA-BADE-CE065D1B33F7}.Release OpenMP|Win32.ActiveCfg = Release OpenMP|Win32
		{EAD06EA7-1D7B-45CA-BADE-CE065D1B33F7}.Release OpenMP|Win32.Build.0 = Release OpenMP|Win32
		{EAD06EA7-1D7B-45CA-BADE-CE065D1B33F7}.Release OpenMP|x64.ActiveCfg = Release OpenMP|x64
		{EAD06EA7-1D7B-45CA-BADE-CE065D1B33F7}.Release OpenMP|x64.Build.0 = Release OpenMP|x64
		{EAD06EA7-1D7B-45CA-BADE-CE065D1B33F7}.Release|Win32.ActiveCfg = Release|Win32
		{EAD06EA7-1D7B-45CA-BADE-CE065D1B33F7}.Release|Win32.Build.0 = Release|Win32
		{EAD06EA7-1D7B-45CA-BADE-CE065D1B33F7}.Release|x64.ActiveCfg = Release|x64
		{EAD06EA7-1D7B-45CA-BADE-CE065D1B33F7}.Release|x64.Build.0 = Release|x64
		{75018549-4E8C-4601-BF2A-77DF4DB1C06A}.FastDebug OpenMP|Win32.ActiveCfg = FastDebug OpenMP|Win32
		{75018549-4E8C-4601-BF2A-77DF4DB1C06A}.FastDebug OpenMP|Win32.Build.0 = FastDebug OpenMP|Win32
		{75018549-4E8C-4601-BF2A-77DF4DB1C06A}.FastDebug OpenMP|x64.ActiveCfg = FastDebug OpenMP|x64
		{75018549-4E8C-4601-BF2A-77DF4DB1C06A}.FastDebug OpenMP|x64.Build.0 = FastDebug OpenMP|x64
		{75018549-4E8C-4601-BF2A-77DF4DB1C06A}.FastDebug|Win32.ActiveCfg = FastDebug|Win32
		{75018549-4E8C-4601-BF2A-77DF4DB1C06A}.FastDebug|Win32.Build.0 = FastDebug|Win32
		{75018549-4E8C-4601-BF2A-77DF4DB1C06A}.FastDebug|x64.ActiveCfg = FastDebug|x64
		{75018549-4E8C-4601-BF2A-77DF4DB1C06A}.FastDebug|x64.Build.0 = FastDebug|x64
		{75018549-4E8C-4601-BF2A-77DF4DB1C06A}.Release OpenMP|Win32.ActiveCfg = Release OpenMP|Win32
		{75018549-4E8C-4601-BF2A-77DF4DB1C06A}.Release OpenMP|Win32.Build.0 = Release OpenMP|Win32
		{75018549-4E8C-4601-BF2A-77DF4DB1C06A}.Release OpenMP|x64.ActiveCfg = Release OpenMP|x64
		{75018549-4E8C-4601-BF2A-77DF4DB1C06A}.Release OpenMP|x64.Build.0 = Release OpenMP|x64
		{75018549-4E8C-4601-BF2A-77DF4DB1C06A}.Release|Win32.ActiveCfg = Release|Win32
		{75018549-4E8C-4601-BF2A-77DF4DB1C06A}.Release|Win32.Build.0 = Release|Win32
		{75018549-4E8C-4601-BF2A-77DF4DB1C06A}.Release|x64.ActiveCfg = Release|x64
		{75018549-4E8C-4601-BF2A-77DF4DB1C06A}.Release|x64.Build.0 = Release|x64
		{CF9F0A13-C76C-4502-B236-4E468AE450E1}.FastDebug OpenMP|Win32.ActiveCfg = FastDebug OpenMP|Win32
		{CF9F0A13-C76C-4502-B236-4E468AE450E1}.FastDebug OpenMP|Win32.Build.0 = FastDebug OpenMP|Win32
		{CF9F0A13-C76C-4502-B236-4E468AE450E1}.FastDebug OpenMP|x64.ActiveCfg = FastDebug OpenMP|x64
		{CF9F0A13-C76C-4502-B236-4E468AE450E1}.FastDebug OpenMP|x64.Build.0 = FastDebug OpenMP|x64
		{CF9F0A13-C76C-4502-B236-4E468AE450E1}.FastDebug|Win32.ActiveCfg = FastDebug|Win32
		{CF9F0A13-C76C-4502-B236-4E468AE450E1}.FastDebug|Win32.Build.0 = FastDebug|Win32
		{CF9F0A13-C76C-4502-B236-4E468AE450E1}.FastDebug|x64.ActiveCfg = FastDebug|x64
		{CF9F0A13-C76C-4502-B236-4E468AE450E1}.FastDebug|x64.Build.0 = FastDebug|x64
		{CF9F0A13-C76C-4502-B236-4E468AE450E1}.Release OpenMP|Win32.ActiveCfg = Release OpenMP|Win32
		{CF9F0A13-C76C-4502-B236-4E468AE450E1}.Release OpenMP|Win32.Build.0 = Release OpenMP|Win32
		{CF9F0A13-C76C-4502-B236-4E468AE450E1}.Release OpenMP|x64.ActiveCfg = Release OpenMP|x64
		{CF9F0A13-C76C-4502-B236-4E468AE450E1}.Release OpenMP|x64.Build.0 = Release OpenMP|x64
		{CF9F0A13-C76C-4502-B236-4E468AE450E1}.Release|Win32.ActiveCfg = Release|Win32
		{CF9F0A13-C76C-4502-B236-4E468AE450E1}.Release|Win32.Build.0 = Release|Win32
		{CF9F0A13-C76C-4502-B236-4E468AE450E1}.Release|x64.ActiveCfg = Release|x64
		{CF9F0A13-C76C-4502-B236-4E468AE450E1}.Release|x64.Build.0 = Release|x64
		{A72732A5-B7BE-4831-87EE-C8E54BBEA254}.FastDebug OpenMP|Win32.ActiveCfg = FastDebug OpenMP|Win32
		{A72732A5-B7BE-4831-87EE-C8E54BBEA254}.FastDebug OpenMP|Win32.Build.0 = FastDebug OpenMP|Win32
		{A72732A5-B7BE-4831-87EE-C8E54BBEA254}.FastDebug OpenMP|x64.ActiveCfg = FastDebug OpenMP|x64
		{A72732A5-B7BE-4831-87EE-C8E54BBEA254}.FastDebug OpenMP|x64.Build.0 = FastDebug OpenMP|x64
		{A72732A5-B7BE-4831-87EE-C8E54BBEA254}.FastDebug|Win32.ActiveCfg = FastDebug|Win32
		{A72732A5-B7BE-4831-87EE-C8E54BBEA254}.FastDebug|Win32.Build.0 = FastDebug|Win32
		{A72732A5-B7BE-4831-87EE-C8E54BBEA254}.FastDebug|x64.ActiveCfg = FastDebug|x64
		{A72732A5-B7BE-4831-87EE-C8E54BBEA254}.FastDebug|x64.Build.0 = FastDebug|x64
		{A72732A5-B7BE-4831-87EE-C8E54BBEA254}.Release OpenMP|Win32.ActiveCfg = Release OpenMP|Win32
		{A72732A5-B7BE-4831-87EE-C8E54BBEA254}.Release OpenMP|Win32.Build.0 = Release OpenMP|Win32
		{A72732A5-B7BE-4831-87EE-C8E54BBEA254}.Release OpenMP|x64.ActiveCfg = Release OpenMP|x64
		{A72732A5-B7BE-4831-87EE-C8E54BBEA254}.Release OpenMP|x64.Build.0 = Release OpenMP|x64
		{A72732A5-B7BE-4831-87EE-C8E54BBEA254}.Release|Win32.ActiveCfg = Release|Win32
		{A72732A5-B7BE-4831-87EE-C8E54BBEA254}.Release|Win32.Build.0 = Release|Win32
		{A72732A5-B7BE-4831-87EE-C8E54BBEA254}.Release|x64.ActiveCfg = Release|x64
		{A72732A5-B7BE-4831-87EE-C8E54BBEA254}.Release|x64.Build.0 = Release|x64
		{2189E7AB-E474-4A14-AA57-0986D920EABC}.FastDebug OpenMP|Win32.ActiveCfg = FastDebug OpenMP|Win32
		{2189E7AB-E474-4A14-AA57-0986D920EABC}.FastDebug OpenMP|Win32.Build.0 = FastDebug OpenMP|Win32
		{2189E7AB-E474-4A14-AA57-0986D920EABC}.FastDebug OpenMP|x64.ActiveCfg = FastDebug OpenMP|x64
		{2189E7AB-E474-4A14-AA57-0986D920EABC}.FastDebug OpenMP|x64.Build.0 = FastDebug OpenMP|x64
		{2189E7AB-E474-4A14-AA57-0986D920EABC}.FastDebug|Win32.ActiveCfg = FastDebug|Win32
		{2189E7AB-E474-4A14-AA57-0986D920EABC}.FastDebug|Win32.Build.0 = FastDebug|Win32
		{2189E7AB-E474-4A14-AA57-0986D920EABC}.FastDebug|x64.ActiveCfg = FastDebug|x64
		{2189E7AB-E474-4A14-AA57-0986D920EABC}.FastDebug|x64.Build.0 = FastDebug|x64
		{2189E7AB-E474-4A14-AA57-0986D920EABC}.Release OpenMP|Win32.ActiveCfg = Release OpenMP|Win32
		{2189E7AB-E474-4A14-AA57-0986D920EABC}.Release OpenMP|Win32.Build.0 = Release OpenMP|Win32
		{2189E7AB-E474-4A14-AA57-0986D920EABC}.Release OpenMP|x64.ActiveCfg = Release OpenMP|x64
		{2189E7AB-E474-4A14-AA57-0986D920EABC}.Release OpenMP|x64.Build.0 = Release OpenMP|x64
		{2189E7AB-E474-4A14-AA57-0986D920EABC}.Release|Win32.ActiveCfg = Release|Win32
		{2189E7AB-E474-4A14-AA57-0986D920EABC}.Release|Win32.Build.0 = Release|Win32
		{2189E7AB-E474-4A14-AA57-0986D920EABC}.Release|x64.ActiveCfg = Release|x64
		{2189E7AB-E474-4A14-AA57-0986D920EABC}.Release|x64.Build.0 = Release|x64
		{83DCEF43-B319-430E-9B55-22EAE4D2E731}.FastDebug OpenMP|Win32.ActiveCfg = FastDebug OpenMP|Win32
		{83DCEF43-B319-430E-9B55-22EAE4D2E731}.FastDebug OpenMP|Win32.Build.0 = FastDebug OpenMP|Win32
		{83DCEF43-B319-430E-9B55-22EAE4D2E731}.FastDebug OpenMP|x64.ActiveCfg = FastDebug OpenMP|x64
		{83DCEF43-B319-430E-9B55-22EAE4D2E731}.FastDebug OpenMP|x64.Build.0 = FastDebug OpenMP|x64
		{83DCEF43-B319-430E-9B55-22EAE4D2E731}.FastDebug|Win32.ActiveCfg = FastDebug|Win32
		{83DCEF43-B319-430E-9B55-22EAE4D2E731}.FastDebug|Win32.Build.0 = FastDebug|Win32
		{83DCEF43-B319-430E-9B55-22EAE4D2E731}.FastDebug|x64.ActiveCfg = FastDebug|x64
		{83DCEF43-B319-430E-9B55-22EAE4D2E731}.FastDebug|x64.Build.0 = FastDebug|x64
		{83DCEF43-B319-430E-9B55-22EAE4D2E731}.Release OpenMP|Win32.ActiveCfg = Release OpenMP|Win32
		{83DCEF43-B319-430E-9B55-22EAE4D2E731}.Release OpenMP|Win32.Build.0 = Release OpenMP|Win32
		{83DCEF43-B319-430E-9B55-22EAE4D2E731}.Release OpenMP|x64.ActiveCfg = Release OpenMP|x64
		{83DCEF43-B319-430E-9B55-22EAE4D2E731}.Release OpenMP|x64.Build.0 = Release OpenMP|x64
		{83DCEF43-B319-430E-9B55-22EAE4D2E731}.Release|Win32.ActiveCfg = Release|Win32
		{83DCEF43-B319-430E-9B55-22EAE4D2E731}.Release|Win32.Build.0 = Release|Win32
		{83DCEF43-B319-430E-9B55-22EAE4D2E731}.Release|x64.ActiveCfg = Release|x64
		{83DCEF43-B319-430E-9B55-22EAE4D2E731}.Release|x64.Build.0 = Release|x64
		{D8CC8100-D537-4D4E-B941-F58E8D02D587}.FastDebug OpenMP|Win32.ActiveCfg = FastDebug OpenMP|Win32
		{D8CC8100-D537-4D4E-B941-F58E8D02D587}.FastDebug OpenMP|Win32.Build.0 = FastDebug OpenMP|Win32
		{D8CC8100-D537-4D4E-B941-F58E8D02D587}.FastDebug OpenMP|x64.ActiveCfg = FastDebug OpenMP|x64
		{D8CC8100-D537-4D4E-B941-F58E8D02D587}.FastDebug OpenMP|x64.Build.0 = FastDebug OpenMP|x64
		{D8CC8100-D537-4D4E-B941-F58E8D02D587}.FastDebug|Win32.ActiveCfg = FastDebug|Win32
		{D8CC8100-D537-4D4E-B941-F58E8D02D587}.FastDebug|Win32.Build.0 = FastDebug|Win32
		{D8CC8100-D537-4D4E-B941-F58E8D02D587}.FastDebug|x64.ActiveCfg = FastDebug|x64
		{D8CC8100-D537-4D4E-B941-F58E8D02D587}.FastDebug|x64.Build.0 = FastDebug|x64
		{D8CC8100-D537-4D4E-B941-F58E8D02D587}.Release OpenMP|Win32.ActiveCfg = Release OpenMP|Win32
		{D8CC8100-D537-4D4E-B941-F58E8D02D587}.Release OpenMP|Win32.Build.0 = Release OpenMP|Win32
		{D8CC8100-D537-4D4E-B941-F58E8D02D587}.Release OpenMP|x64.ActiveCfg = Release OpenMP|x64
		{D8CC8100-D537-4D4E-B941-F58E8D02D587}.Release OpenMP|x64.Build.0 = Release OpenMP|x64
		{D8CC8100-D537-4D4E-B941-F58E8D02D587}.Release|Win32.ActiveCfg = Release|Win32
		{D8CC8100-D537-4D4E-B941-F58E8D02D587}.Release|Win32.Build.0 = Release|Win32
		{D8CC8100-D537-4D4E-B941-F58E8D02D587}.Release|x64.ActiveCfg = Release|x64
		{D8CC8100-D537-4D4E-B941-F58E8D02D587}.Release|x64.Build.0 = Release|x64
		{1B13DCD2-39D8-41C6-BC3C-9180D55184DA}.FastDebug OpenMP|Win32.ActiveCfg = FastDebug OpenMP|Win32
		{1B13DCD2-39D8-41C6-BC3C-9180D55184DA}.FastDebug OpenMP|Win32.Build.0 = FastDebug OpenMP|Win32
		{1B13DCD2-39D8-41C6-BC3C-9180D55184DA}.FastDebug OpenMP|x64.ActiveCfg = FastDebug OpenMP|x64
		{1B13DCD2-39D8-41C6-BC3C-9180D55184DA}.FastDebug OpenMP|x64.Build.0 = FastDebug OpenMP|x64
		{1B13DCD2-39D8-41C6-BC3C-9180D55184DA}.FastDebug|Win32.ActiveCfg = FastDebug|Win32
		{1B13DCD2-39D8-41C6-BC3C-9180D55184DA}.FastDebug|Win32.Build.0 = FastDebug|Win32
		{1B13DCD2-39D8-41C6-BC3C-9180D55184DA}.FastDebug|x64.ActiveCfg = FastDebug|x64
		{1B13DCD2-39D8-41C6-BC3C-9180D55184DA}.FastDebug|x64.Build.0 = FastDebug|x64
		{1B13DCD2-39D8-41C6-BC3C-9180D55184DA}.Release OpenMP|Win32.ActiveCfg = Release OpenMP|Win32
		{1B13DCD2-39D8-41C6-BC3C-9180D55184DA}.Release OpenMP|Win32.Build.0 = Release OpenMP|Win32
		{1B13DCD2-39D8-41C6-BC3C-9180D55184DA}.Release OpenMP|x64.ActiveCfg = Release OpenMP|x64
		{1B13DCD2-39D8-41C6-BC3C-9180D55184DA}.Release OpenMP|x64.Build.0 = Release OpenMP|x64
		{1B13DCD2-39D8-41C6-BC3C-9180D55184DA}.Release|Win32.ActiveCfg = Release|Win32
		{1B13DCD2-39D8-41C6-BC3C-9180D55184DA}.Release|Win32.Build.0 = Release|Win32
		{1B13DCD2-39D8-41C6-BC3C-9180D55184DA}.Release|x64.ActiveCfg = Release|x64
		{1B13DCD2-39D8-41C6-BC3C-9180D55184DA}.Release|x64.Build.0 = Release|x64
		{8B778C9B-9079-4096-A4D2-69B1E1733148}.FastDebug OpenMP|Win32.ActiveCfg = FastDebug OpenMP|Win32
		{8B778C9B-9079-4096-A4D2-69B1E1733148}.FastDebug OpenMP|Win32.Build.0 = FastDebug OpenMP|Win32
		{8B778C9B-9079-4096-A4D2-69B1E1733148}.FastDebug OpenMP|x64.ActiveCfg = FastDebug OpenMP|x64
		{8B778C9B-9079-4096-A4D2-69B1E1733148}.FastDebug OpenMP|x64.Build.0 = FastDebug OpenMP|x64
		{8B778C9B-9079-4096-A4D2-69B1E1733148}.FastDebug|Win32.ActiveCfg = FastDebug|Win32
		{8B778C9B-9079-4096-A4D2-69B1E1733148}.FastDebug|Win32.Build.0 = FastDebug|Win32
		{8B778C9B-9079-4096-A4D2-69B1E1733148}.FastDebug|x64.ActiveCfg = FastDebug|x64
		{8B778C9B-9079-4096-A4D2-69B1E1733148}.FastDebug|x64.Build.0 = FastDebug|x64
		{8B778C9B-9079-4096-A4D2-69B1E1733148}.Release OpenMP|Win32.ActiveCfg = Release OpenMP|Win32
		{8B778C9B-9079-4096-A4D2-69B1E1733148}.Release OpenMP|Win32.Build.0 = Release OpenMP|Win32
		{8B778C9B-9079-4096-A4D2-69B1E1733148}.Release OpenMP|x64.ActiveCfg = Release OpenMP|x64
		{8B778C9B-9079-4096-A4D2-69B1E1733148}.Release OpenMP|x64.Build.0 = Release OpenMP|x64
		{8B778C9B-9079-4096-A4D2-69B1E1733148}.Release|Win32.ActiveCfg = Release|Win32
		{8B778C9B-9079-4096-A4D2-69B1E1733148}.Release|Win32.Build.0 = Release|Win32
		{8B778C9B-9079-4096-A4D2-69B1E1733148}.Release|x64.ActiveCfg = Release|x64
		{8B778C9B-9079-4096-A4D2-69B1E1733148}.Release|x64.Build.0 = Release|x64
		{25420BBB-2E89-4664-B43B-8240C287B0F0}.FastDebug OpenMP|Win32.ActiveCfg = FastDebug OpenMP|Win32
		{25420BBB-2E89-4664-B43B-8240C287B0F0}.FastDebug OpenMP|Win32.Build.0 = FastDebug OpenMP|Win32
		{25420BBB-2E89-4664-B43B-8240C287B0F0}.FastDebug OpenMP|x64.ActiveCfg = FastDebug OpenMP|x64
		{25420BBB-2E89-4664-B43B-8240C287B0F0}.FastDebug OpenMP|x64.Build.0 = FastDebug OpenMP|x64
		{25420BBB-2E89-4664-B43B-8240C287B0F0}.FastDebug|Win32.ActiveCfg = FastDebug|Win32
		{25420BBB-2E89-4664-B43B-8240C287B0F0}.FastDebug|Win32.Build.0 = FastDebug|Win32
		{25420BBB-2E89-4664-B43B-8240C287B0F0}.FastDebug|x64.ActiveCfg = FastDebug|x64
		{25420BBB-2E89-4664-B43B-8240C287B0F0}.FastDebug|x64.Build.0 = FastDebug|x64
		{25420BBB-2E89-4664-B43B-8240C287B0F0}.Release OpenMP|Win32.ActiveCfg = Release OpenMP|Win32
		{25420BBB-2E89-4664-B43B-8240C287B0F0}.Release OpenMP|Win32.Build.0 = Release OpenMP|Win32
		{25420BBB-2E89-4664-B43B-8240C287B0F0}.Release OpenMP|x64.ActiveCfg = Release OpenMP|x64
		{25420BBB-2E89-4664-B43B-8240C287B0F0}.Release OpenMP|x64.Build.0 = Release OpenMP|x64
		{25420BBB-2E89-4664-B43B-8240C287B0F0}.Release|Win32.ActiveCfg = Release|Win32
		{25420BBB-2E89-4664-B43B-8240C287B0F0}.Release|Win32.Build.0 = Release|Win32
		{25420BBB-2E89-4664-B43B-8240C287B0F0}.Release|x64.ActiveCfg = Release|x64
		{25420BBB-2E89-4664-B43B-8240C287B0F0}.Release|x64.Build.0 = Release|x64
		{763BD8A0-8693-4D37-A024-0919A1D5885A}.FastDebug OpenMP|Win32.ActiveCfg = FastDebug OpenMP|Win32
		{763BD8A0-8693-4D37-A024-0919A1D5885A}.FastDebug OpenMP|Win32.Build.0 = FastDebug OpenMP|Win32
		{763BD8A0-8693-4D37-A024-0919A1D5885A}.FastDebug OpenMP|x64.ActiveCfg = FastDebug OpenMP|x64
		{763BD8A0-8693-4D37-A024-0919A1D5885A}.FastDebug OpenMP|x64.Build.0 = FastDebug OpenMP|x64
		{763BD8A0-8693-4D37-A024-0919A1D5885A}.FastDebug|Win32.ActiveCfg = FastDebug|Win32
		{763BD8A0-8693-4D37-A024-0919A1D5885A}.FastDebug|Win32.Build.0 = FastDebug|Win32
		{763BD8A0-8693-4D37-A024-0919A1D5885A}.FastDebug|x64.ActiveCfg = FastDebug|x64
		{763BD8A0-8693-4D37-A024-0919A1D5885A}.FastDebug|x64.Build.0 = FastDebug|x64
		{763BD8A0-8693-4D37-A024-0919A1D5885A}.Release OpenMP|Win32.ActiveCfg = Release OpenMP|Win32
		{763BD8A0-8693-4D37-A024-0919A1D5885A}.Release OpenMP|Win32.Build.0 = Release OpenMP|Win32
		{763BD8A0-8693-4D37-A024-0919A1D5885A}.Release OpenMP|x64.ActiveCfg = Release OpenMP|x64
		{763BD8A0-8693-4D37-A024-0919A1D5885A}.Release OpenMP|x64.Build.0 = Release OpenMP|x64
		{763BD8A0-8693-4D37-A024-0919A1D5885A}.Release|Win32.ActiveCfg = Release|Win32
		{763BD8A0-8693-4D37-A024-0919A1D5885A}.Release|Win32.Build.0 = Release|Win32
		{763BD8A0-8693-4D37-A024-0919A1D5885A}.Release|x64.ActiveCfg = Release|x64
		{763BD8A0-8693-4D37-A024-0919A1D5885A}.Release|x64.Build.0 = Release|x64
		{E03B45BF-3438-42B5-A4DD-CFA35E784C2B}.FastDebug OpenMP|Win32.ActiveCfg = FastDebug OpenMP|Win32
		{E03B45BF-3438-42B5-A4DD-CFA35E784C2B}.FastDebug OpenMP|Win32.Build.0 = FastDebug OpenMP|Win32
		{E03B45BF-3438-42B5-A4DD-CFA35E784C2B}.FastDebug OpenMP|x64.ActiveCfg = FastDebug OpenMP|x64
		{E03B45BF-3438-42B5-A4DD-CFA35E784C2B}.FastDebug OpenMP|x64.Build.0 = FastDebug OpenMP|x64
		{E03B45BF-3438-42B5-A4DD-CFA35E784C2B}.FastDebug|Win32.ActiveCfg = FastDebug|Win32
		{E03B45BF-3438-42B5-A4DD-CFA35E784C2B}.FastDebug|Win32.Build.0 = FastDebug|Win32
		{E03B45BF-3438-42B5-A4DD-CFA35E784C2B}.FastDebug|x64.ActiveCfg = FastDebug|x64
		{E03B45BF-3438-42B5-A4DD-CFA35E784C2B}.FastDebug|x64.Build.0 = FastDebug|x64
		{E03B45BF-3438-42B5-A4DD-CFA35E784C2B}.Release OpenMP|Win32.ActiveCfg = Release OpenMP|Win32
		{E03B45BF-3438-42B5-A4DD-CFA35E784C2B}.Release OpenMP|Win32.Build.0 = Release OpenMP|Win32
		{E03B45BF-3438-42B5-A4DD-CFA35E784C2B}.Release OpenMP|x64.ActiveCfg = Release OpenMP|x64
		{E03B45BF-3438-42B5-A4DD-CFA35E784C2B}.Release OpenMP|x64.Build.0 = Release OpenMP|x64
		{E03B45BF-3438-42B5-A4DD-CFA35E784C2B}.Release|Win32.ActiveCfg = Release|Win32
		{E03B45BF-3438-42B5-A4DD-CFA35E784C2B}.Release|Win32.Build.0 = Release|Win32
		{E03B45BF-3438-42B5-A4DD-CFA35E784C2B}.Release|x64.ActiveCfg = Release|x64
		{E03B45BF-3438-42B5-A4DD-CFA35E784C2B}.Release|x64.Build.0 = Release|x64
		{B077561F-E888-44AC-A763-0B4245A9E458}.FastDebug OpenMP|Win32.ActiveCfg = FastDebug OpenMP|Win32
		{B077561F-E888-44AC-A763-0B4245A9E458}.FastDebug OpenMP|Win32.Build.0 = FastDebug OpenMP|Win32
		{B077561F-E888-44AC-A763-0B4245A9E458}.FastDebug OpenMP|x64.ActiveCfg = FastDebug OpenMP|x64
		{B077561F-E888-44AC-A763-0B4245A9E458}.FastDebug OpenMP|x64.Build.0 = FastDebug OpenMP|x64
		{B077561F-E888-44AC-A763-0B4245A9E458}.FastDebug|Win32.ActiveCfg = FastDebug|Win32
		{B077561F-E888-44AC-A763-0B4245A9E458}.FastDebug|Win32.Build.0 = FastDebug|Win32
		{B077561F-E888-44AC-A763-0B4245A9E458}.FastDebug|x64.ActiveCfg = FastDebug|x64
		{B077561F-E888-44AC-A763-0B4245A9E458}.FastDebug|x64.Build.0 = FastDebug|x64
		{B077561F-E888-44AC-A763-0B4245A9E458}.Release OpenMP|Win32.ActiveCfg = Release OpenMP|Win32
		{B077561F-E888-44AC-A763-0B4245A9E458}.Release OpenMP|Win32.Build.0 = Release OpenMP|Win32
		{B077561F-E888-44AC-A763-0B4245A9E458}.Release OpenMP|x64.ActiveCfg = Release OpenMP|x64
		{B077561F-E888-44AC-A763-0B4245A9E458}.Release OpenMP|x64.Build.0 = Release OpenMP|x64
		{B077561F-E888-44AC-A763-0B4245A9E458}.Release|Win32.ActiveCfg = Release|Win32
		{B077561F-E888-44AC-A763-0B4245A9E458}.Release|Win32.Build.0 = Release|Win32
		{B077561F-E888-44AC-A763-0B4245A9E458}.Release|x64.ActiveCfg = Release|x64
		{B077561F-E888-44AC-A763-0B4245A9E458}.Release|x64.Build.0 = Release|x64
		{66EBAA32-DD8B-4DB8-AFBC-DE33BB9C3E98}.FastDebug OpenMP|Win32.ActiveCfg = FastDebug OpenMP|Win32
		{66EBAA32-DD8B-4DB8-AFBC-DE33BB9C3E98}.FastDebug OpenMP|Win32.Build.0 = FastDebug OpenMP|Win32
		{66EBAA32-DD8B-4DB8-AFBC-DE33BB9C3E98}.FastDebug OpenMP|x64.ActiveCfg = FastDebug OpenMP|x64
		{66EBAA32-DD8B-4DB8-AFBC-DE33BB9C3E98}.FastDebug OpenMP|x64.Build.0 = FastDebug OpenMP|x64
		{66EBAA32-DD8B-4DB8-AFBC-DE33BB9C3E98}.FastDebug|Win32.ActiveCfg = FastDebug|Win32
		{66EBAA32-DD8B-4DB8-AFBC-DE33BB9C3E98}.FastDebug|Win32.Build.0 = FastDebug|Win32
		{66EBAA32-DD8B-4DB8-AFBC-DE33BB9C3E98}.FastDebug|x64.ActiveCfg = FastDebug|x64
		{66EBAA32-DD8B-4DB8-AFBC-DE33BB9C3E98}.FastDebug|x64.Build.0 = FastDebug|x64
		{66EBAA32-DD8B-4DB8-AFBC-DE33BB9C3E98}.Release OpenMP|Win32.ActiveCfg = Release OpenMP|Win32
		{66EBAA32-DD8B-4DB8-AFBC-DE33BB9C3E98}.Release OpenMP|Win32.Build.0 = Release OpenMP|Win32
		{66EBAA32-DD8B-4DB8-AFBC-DE33BB9C3E98}.Release OpenMP|x64.ActiveCfg = Release OpenMP|x64
		{66EBAA32-DD8B-4DB8-AFBC-DE33BB9C3E98}.Release OpenMP|x64.Build.0 = Release OpenMP|x64
		{66EBAA32-DD8B-4DB8-AFBC-DE33BB9C3E98}.Release|Win32.ActiveCfg = Release|Win32
		{66EBAA32-DD8B-4DB8-AFBC-DE33BB9C3E98}.Release|Win32.Build.0 = Release|Win32
		{66EBAA32-DD8B-4DB8-AFBC-DE33BB9C3E98}.Release|x64.ActiveCfg = Release|x64
		{66EBAA32-DD8B-4DB8-AFBC-DE33BB9C3E98}.Release|x64.Build.0 = Release|x64
		{4E952785-0A53-4057-8CB9-03754EB3BFA3}.FastDebug OpenMP|Win32.ActiveCfg = FastDebug OpenMP|Win32
		{4E952785-0A53-4057-8CB9-03754EB3BFA3}.FastDebug OpenMP|Win32.Build.0 = FastDebug OpenMP|Win32
		{4E952785-0A53-4057-8CB9-03754EB3BFA3}.FastDebug OpenMP|x64.ActiveCfg = FastDebug OpenMP|x64
		{4E952785-0A53-4057-8CB9-03754EB3BFA3}.FastDebug OpenMP|x64.Build.0 = FastDebug OpenMP|x64
		{4E952785-0A53-4057-8CB9-03754EB3BFA3}.FastDebug|Win32.ActiveCfg = FastDebug|Win32
		{4E952785-0A53-4057-8CB9-03754EB3BFA3}.FastDebug|Win32.Build.0 = FastDebug|Win32
		{4E952785-0A53-4057-8CB9-03754EB3BFA3}.FastDebug|x64.ActiveCfg = FastDebug|x64
		{4E952785-0A53-4057-8CB9-03754EB3BFA3}.FastDebug|x64.Build.0 = FastDebug|x64
		{4E952785-0A53-4057-8CB9-03754EB3BFA3}.Release OpenMP|Win32.ActiveCfg = Release OpenMP|Win32
		{4E952785-0A53-4057-8CB9-03754EB3BFA3}.Release OpenMP|Win32.Build.0 = Release OpenMP|Win32
		{4E952785-0A53-4057-8CB9-03754EB3BFA3}.Release OpenMP|x64.ActiveCfg = Release OpenMP|x64
		{4E952785-0A53-4057-8CB9-03754EB3BFA3}.Release OpenMP|x64.Build.0 = Release OpenMP|x64
		{4E952785-0A53-4057-8CB9-03754EB3BFA3}.Release|Win32.ActiveCfg = Release|Win32
		{4E952785-0A53-4057-8CB9-03754EB3BFA3}.Release|Win32.Build.0 = Release|Win32
		{4E952785-0A53-4057-8CB9-03754EB3BFA3}.Release|x64.ActiveCfg = Release|x64
		{4E952785-0A53-4057-8CB9-03754EB3BFA3}.Release|x64.Build.0 = Release|x64
		{219A4F0A-B107-4E79-9685-23304542FD84}.FastDebug OpenMP|Win32.ActiveCfg = FastDebug OpenMP|Win32
		{219A4F0A-B107-4E79-9685-23304542FD84}.FastDebug OpenMP|Win32.Build.0 = FastDebug OpenMP|Win32
		{219A4F0A-B107-4E79-9685-23304542FD84}.FastDebug OpenMP|x64.ActiveCfg = FastDebug OpenMP|x64
		{219A4F0A-B107-4E79-9685-23304542FD84}.FastDebug OpenMP|x64.Build.0 = FastDebug OpenMP|x64
		{219A4F0A-B107-4E79-9685-23304542FD84}.FastDebug|Win32.ActiveCfg = FastDebug|Win32
		{219A4F0A-B107-4E79-9685-23304542FD84}.FastDebug|Win32.Build.0 = FastDebug|Win32
		{219A4F0A-B107-4E79-9685-23304542FD84}.FastDebug|x64.ActiveCfg = FastDebug|x64
		{219A4F0A-B107-4E79-9685-23304542FD84}.FastDebug|x64.Build.0 = FastDebug|x64
		{219A4F0A-B107-4E79-9685-23304542FD84}.Release OpenMP|Win32.ActiveCfg = Release OpenMP|Win32
		{219A4F0A-B107-4E79-9685-23304542FD84}.Release OpenMP|Win32.Build.0 = Release OpenMP|Win32
		{219A4F0A-B107-4E79-9685-23304542FD84}.Release OpenMP|x64.ActiveCfg = Release OpenMP|x64
		{219A4F0A-B107-4E79-9685-23304542FD84}.Release OpenMP|x64.Build.0 = Release OpenMP|x64
		{219A4F0A-B107-4E79-9685-23304542FD84}.Release|Win32.ActiveCfg = Release|Win32
		{219A4F0A-B107-4E79-9685-23304542FD84}.Release|Win32.Build.0 = Release|Win32
		{219A4F0A-B107-4E79-9685-23304542FD84}.Release|x64.ActiveCfg = Release|x64
		{219A4F0A-B107-4E79-9685-23304542FD84}.Release|x64.Build.0 = Release|x64
		{6BF5871B-2282-40A2-A9A9-588996FB5EF5}.FastDebug OpenMP|Win32.ActiveCfg = FastDebug OpenMP|Win32
		{6BF5871B-2282-40A2-A9A9-588996FB5EF5}.FastDebug OpenMP|Win32.Build.0 = FastDebug OpenMP|Win32
		{6BF5871B-2282-40A2-A9A9-588996FB5EF5}.FastDebug OpenMP|x64.ActiveCfg = FastDebug OpenMP|x64
		{6BF5871B-2282-40A2-A9A9-588996FB5EF5}.FastDebug OpenMP|x64.Build.0 = FastDebug OpenMP|x64
		{6BF5871B-2282-40A2-A9A9-588996FB5EF5}.FastDebug|Win32.ActiveCfg = FastDebug|Win32
		{6BF5871B-2282-40A2-A9A9-588996FB5EF5}.FastDebug|Win32.Build.0 = FastDebug|Win32
		{6BF5871B-2282-40A2-A9A9-588996FB5EF5}.FastDebug|x64.ActiveCfg = FastDebug|x64
		{6BF5871B-2282-40A2-A9A9-588996FB5EF5}.FastDebug|x64.Build.0 = FastDebug|x64
		{6BF5871B-2282-40A2-A9A9-588996FB5EF5}.Release OpenMP|Win32.ActiveCfg = Release OpenMP|Win32
		{6BF5871B-2282-40A2-A9A9-588996FB5EF5}.Release OpenMP|Win32.Build.0 = Release OpenMP|Win32
		{6BF5871B-2282-40A2-A9A9-588996FB5EF5}.Release OpenMP|x64.ActiveCfg = Release OpenMP|x64
		{6BF5871B-2282-40A2-A9A9-588996FB5EF5}.Release OpenMP|x64.Build.0 = Release OpenMP|x64
		{6BF5871B-2282-40A2-A9A9-588996FB5EF5}.Release|Win32.ActiveCfg = Release|Win32
		{6BF5871B-2282-40A2-A9A9-588996FB5EF5}.Release|Win32.Build.0 = Release|Win32
		{6BF5871B-2282-40A2-A9A9-588996FB5EF5}.Release|x64.ActiveCfg = Release|x64
		{6BF5871B-2282-40A2-A9A9-588996FB5EF5}.Release|x64.Build.0 = Release|x64
		{B349A8AB-5DB1-4A2E-9C8F-8CBDCA86AF1C}.FastDebug OpenMP|Win32.ActiveCfg = FastDebug OpenMP|Win32
		{B349A8AB-5DB1-4A2E-9C8F-8CBDCA86AF1C}.FastDebug OpenMP|Win32.Build.0 = FastDebug OpenMP|Win32
		{B349A8AB-5DB1-4A2E-9C8F-8CBDCA86AF1C}.FastDebug OpenMP|x64.ActiveCfg = FastDebug OpenMP|x64
		{B349A8AB-5DB1-4A2E-9C8F-8CBDCA86AF1C}.FastDebug OpenMP|x64.Build.0 = FastDebug OpenMP|x64
		{B349A8AB-5DB1-4A2E-9C8F-8CBDCA86AF1C}.FastDebug|Win32.ActiveCfg = FastDebug|Win32
		{B349A8AB-5DB1-4A2E-9C8F-8CBDCA86AF1C}.FastDebug|Win32.Build.0 = FastDebug|Win32
		{B349A8AB-5DB1-4A2E-9C8F-8CBDCA86AF1C}.FastDebug|x64.ActiveCfg = FastDebug|x64
		{B349A8AB-5DB1-4A2E-9C8F-8CBDCA86AF1C}.FastDebug|x64.Build.0 = FastDebug|x64
		{B349A8AB-5DB1-4A2E-9C8F-8CBDCA86AF1C}.Release OpenMP|Win32.ActiveCfg = Release OpenMP|Win32
		{B349A8AB-5DB1-4A2E-9C8F-8CBDCA86AF1C}.Release OpenMP|Win32.Build.0 = Release OpenMP|Win32
		{B349A8AB-5DB1-4A2E-9C8F-8CBDCA86AF1C}.Release OpenMP|x64.ActiveCfg = Release OpenMP|x64
		{B349A8AB-5DB1-4A2E-9C8F-8CBDCA86AF1C}.Release OpenMP|x64.Build.0 = Release OpenMP|x64
		{B349A8AB-5DB1-4A2E-9C8F-8CBDCA86AF1C}.Release|Win32.ActiveCfg = Release|Win32
		{B349A8AB-5DB1-4A2E-9C8F-8CBDCA86AF1C}.Release|Win32.Build.0 = Release|Win32
		{B349A8AB-5DB1-4A2E-9C8F-8CBDCA86AF1C}.Release|x64.ActiveCfg = Release|x64
		{B349A8AB-5DB1-4A2E-9C8F-8CBDCA86AF1C}.Release|x64.Build.0 = Release|x64
	EndGlobalSection
	GlobalSection(SolutionProperties) = preSolution
		HideSolutionNode = FALSE
	EndGlobalSection
EndGlobal
